
Microsoft Visual Studio Solution File, Format Version 12.00
# Visual Studio Version 17
VisualStudioVersion = 17.13.35931.197 d17.13
MinimumVisualStudioVersion = 10.0.40219.1
Project("{FAE04EC0-301F-11D3-BF4B-00C04F79EFBC}") = "VideoComposerApp", "VideoComposerApp\VideoComposerApp.csproj", "{CFFD5116-E04E-41BF-9D26-AC790ED25DDB}"
EndProject
Global
	GlobalSection(SolutionConfigurationPlatforms) = preSolution
		Debug|Any CPU = Debug|Any CPU
		Release|Any CPU = Release|Any CPU
	EndGlobalSection
	GlobalSection(ProjectConfigurationPlatforms) = postSolution
		{CFFD5116-E04E-41BF-9D26-AC790ED25DDB}.Debug|Any CPU.ActiveCfg = Debug|Any CPU
		{CFFD5116-E04E-41BF-9D26-AC790ED25DDB}.Debug|Any CPU.Build.0 = Debug|Any CPU
		{CFFD5116-E04E-41BF-9D26-AC790ED25DDB}.Release|Any CPU.ActiveCfg = Release|Any CPU
		{CFFD5116-E04E-41BF-9D26-AC790ED25DDB}.Release|Any CPU.Build.0 = Release|Any CPU
	EndGlobalSection
	GlobalSection(SolutionProperties) = preSolution
		HideSolutionNode = FALSE
	EndGlobalSection
	GlobalSection(ExtensibilityGlobals) = postSolution
		SolutionGuid = {E113FE5C-1074-478F-AF96-B3CA1583482F}
	EndGlobalSection
EndGlobal
